
Microsoft Visual Studio Solution File, Format Version 12.00
# Visual Studio Version 17
VisualStudioVersion = 17.3.32901.215
MinimumVisualStudioVersion = 10.0.40219.1
Project("{FAE04EC0-301F-11D3-BF4B-00C04F79EFBC}") = "ComboBox-ornek1-777", "ComboBox-ornek1-777\ComboBox-ornek1-777.csproj", "{BAC07732-8158-4B79-B0C8-9ADF6CB0295C}"
EndProject
Global
	GlobalSection(SolutionConfigurationPlatforms) = preSolution
		Debug|Any CPU = Debug|Any CPU
		Release|Any CPU = Release|Any CPU
	EndGlobalSection
	GlobalSection(ProjectConfigurationPlatforms) = postSolution
		{BAC07732-8158-4B79-B0C8-9ADF6CB0295C}.Debug|Any CPU.ActiveCfg = Debug|Any CPU
		{BAC07732-8158-4B79-B0C8-9ADF6CB0295C}.Debug|Any CPU.Build.0 = Debug|Any CPU
		{BAC07732-8158-4B79-B0C8-9ADF6CB0295C}.Release|Any CPU.ActiveCfg = Release|Any CPU
		{BAC07732-8158-4B79-B0C8-9ADF6CB0295C}.Release|Any CPU.Build.0 = Release|Any CPU
	EndGlobalSection
	GlobalSection(SolutionProperties) = preSolution
		HideSolutionNode = FALSE
	EndGlobalSection
	GlobalSection(ExtensibilityGlobals) = postSolution
		SolutionGuid = {526BE8C9-5728-48D4-9FFE-44228A3A50BB}
	EndGlobalSection
EndGlobal
